
Microsoft Visual Studio Solution File, Format Version 12.00
# Visual Studio Version 17
VisualStudioVersion = 17.14.36603.0
MinimumVisualStudioVersion = 10.0.40219.1
Project("{FAE04EC0-301F-11D3-BF4B-00C04F79EFBC}") = "TardeMarket.api", "TardeMarket\TardeMarket.api.csproj", "{AB9E0185-A61F-458D-A4B8-9046969D681D}"
EndProject
Project("{FAE04EC0-301F-11D3-BF4B-00C04F79EFBC}") = "TradeMarket.Infrastructure", "TradeMarket.Infrastructure\TradeMarket.Infrastructure.csproj", "{1E0DC989-2034-4FDE-A78D-E1249AC3AA3B}"
EndProject
Project("{FAE04EC0-301F-11D3-BF4B-00C04F79EFBC}") = "TradeMarket.Domain", "TradeMarket.Domain\TradeMarket.Domain.csproj", "{A6B928D9-A49C-4201-8BEB-0D648D88653C}"
EndProject
Project("{FAE04EC0-301F-11D3-BF4B-00C04F79EFBC}") = "TradeMarket.Application", "TradeMarket.Application\TradeMarket.Application.csproj", "{0CFE4E59-335D-49FB-AEAD-1A7DD94D44AD}"
EndProject
Global
	GlobalSection(SolutionConfigurationPlatforms) = preSolution
		Debug|Any CPU = Debug|Any CPU
		Release|Any CPU = Release|Any CPU
	EndGlobalSection
	GlobalSection(ProjectConfigurationPlatforms) = postSolution
		{AB9E0185-A61F-458D-A4B8-9046969D681D}.Debug|Any CPU.ActiveCfg = Debug|Any CPU
		{AB9E0185-A61F-458D-A4B8-9046969D681D}.Debug|Any CPU.Build.0 = Debug|Any CPU
		{AB9E0185-A61F-458D-A4B8-9046969D681D}.Release|Any CPU.ActiveCfg = Release|Any CPU
		{AB9E0185-A61F-458D-A4B8-9046969D681D}.Release|Any CPU.Build.0 = Release|Any CPU
		{1E0DC989-2034-4FDE-A78D-E1249AC3AA3B}.Debug|Any CPU.ActiveCfg = Debug|Any CPU
		{1E0DC989-2034-4FDE-A78D-E1249AC3AA3B}.Debug|Any CPU.Build.0 = Debug|Any CPU
		{1E0DC989-2034-4FDE-A78D-E1249AC3AA3B}.Release|Any CPU.ActiveCfg = Release|Any CPU
		{1E0DC989-2034-4FDE-A78D-E1249AC3AA3B}.Release|Any CPU.Build.0 = Release|Any CPU
		{A6B928D9-A49C-4201-8BEB-0D648D88653C}.Debug|Any CPU.ActiveCfg = Debug|Any CPU
		{A6B928D9-A49C-4201-8BEB-0D648D88653C}.Debug|Any CPU.Build.0 = Debug|Any CPU
		{A6B928D9-A49C-4201-8BEB-0D648D88653C}.Release|Any CPU.ActiveCfg = Release|Any CPU
		{A6B928D9-A49C-4201-8BEB-0D648D88653C}.Release|Any CPU.Build.0 = Release|Any CPU
		{0CFE4E59-335D-49FB-AEAD-1A7DD94D44AD}.Debug|Any CPU.ActiveCfg = Debug|Any CPU
		{0CFE4E59-335D-49FB-AEAD-1A7DD94D44AD}.Debug|Any CPU.Build.0 = Debug|Any CPU
		{0CFE4E59-335D-49FB-AEAD-1A7DD94D44AD}.Release|Any CPU.ActiveCfg = Release|Any CPU
		{0CFE4E59-335D-49FB-AEAD-1A7DD94D44AD}.Release|Any CPU.Build.0 = Release|Any CPU
	EndGlobalSection
	GlobalSection(SolutionProperties) = preSolution
		HideSolutionNode = FALSE
	EndGlobalSection
	GlobalSection(ExtensibilityGlobals) = postSolution
		SolutionGuid = {6443C4E1-E0FF-4D0A-88F0-3E24BFEE7778}
	EndGlobalSection
EndGlobal
